
Microsoft Visual Studio Solution File, Format Version 12.00
# Visual Studio Version 16
VisualStudioVersion = 16.0.30907.101
MinimumVisualStudioVersion = 10.0.40219.1
Project("{FAE04EC0-301F-11D3-BF4B-00C04F79EFBC}") = "WSC", "WSC\WSC.csproj", "{707B5C3B-E966-4762-8B90-C0615DF21FE6}"
EndProject
Project("{FAE04EC0-301F-11D3-BF4B-00C04F79EFBC}") = "WSC2", "WSC2\WSC2.csproj", "{110F7198-EBF8-461D-B1D0-78E4625288FC}"
EndProject
Project("{FAE04EC0-301F-11D3-BF4B-00C04F79EFBC}") = "WSC3", "WSC3\WSC3.csproj", "{74B228EC-57C1-4FD4-AA3F-AC7D2DB496CD}"
EndProject
Global
	GlobalSection(SolutionConfigurationPlatforms) = preSolution
		Debug|Any CPU = Debug|Any CPU
		Release|Any CPU = Release|Any CPU
	EndGlobalSection
	GlobalSection(ProjectConfigurationPlatforms) = postSolution
		{707B5C3B-E966-4762-8B90-C0615DF21FE6}.Debug|Any CPU.ActiveCfg = Debug|Any CPU
		{707B5C3B-E966-4762-8B90-C0615DF21FE6}.Debug|Any CPU.Build.0 = Debug|Any CPU
		{707B5C3B-E966-4762-8B90-C0615DF21FE6}.Release|Any CPU.ActiveCfg = Release|Any CPU
		{707B5C3B-E966-4762-8B90-C0615DF21FE6}.Release|Any CPU.Build.0 = Release|Any CPU
		{110F7198-EBF8-461D-B1D0-78E4625288FC}.Debug|Any CPU.ActiveCfg = Debug|Any CPU
		{110F7198-EBF8-461D-B1D0-78E4625288FC}.Debug|Any CPU.Build.0 = Debug|Any CPU
		{110F7198-EBF8-461D-B1D0-78E4625288FC}.Release|Any CPU.ActiveCfg = Release|Any CPU
		{110F7198-EBF8-461D-B1D0-78E4625288FC}.Release|Any CPU.Build.0 = Release|Any CPU
		{74B228EC-57C1-4FD4-AA3F-AC7D2DB496CD}.Debug|Any CPU.ActiveCfg = Debug|Any CPU
		{74B228EC-57C1-4FD4-AA3F-AC7D2DB496CD}.Debug|Any CPU.Build.0 = Debug|Any CPU
		{74B228EC-57C1-4FD4-AA3F-AC7D2DB496CD}.Release|Any CPU.ActiveCfg = Release|Any CPU
		{74B228EC-57C1-4FD4-AA3F-AC7D2DB496CD}.Release|Any CPU.Build.0 = Release|Any CPU
	EndGlobalSection
	GlobalSection(SolutionProperties) = preSolution
		HideSolutionNode = FALSE
	EndGlobalSection
	GlobalSection(ExtensibilityGlobals) = postSolution
		SolutionGuid = {7C15E42D-940A-42E2-80D6-0A16B5A409FC}
	EndGlobalSection
EndGlobal
